
Microsoft Visual Studio Solution File, Format Version 12.00
# Visual Studio Version 16
VisualStudioVersion = 16.0.31424.327
MinimumVisualStudioVersion = 10.0.40219.1
Project("{9A19103F-16F7-4668-BE54-9A1E7A4F7556}") = "AbstractClassExample", "AbstractClassExample.csproj", "{081B64B9-3960-4440-A446-6029BBE122C8}"
EndProject
Project("{FAE04EC0-301F-11D3-BF4B-00C04F79EFBC}") = "AbstractClassTesting", "..\AbstractClassTesting\AbstractClassTesting.csproj", "{2EF17FE0-1160-4D0C-99CD-F0BC04D42A4D}"
EndProject
Global
	GlobalSection(SolutionConfigurationPlatforms) = preSolution
		Debug|Any CPU = Debug|Any CPU
		Release|Any CPU = Release|Any CPU
	EndGlobalSection
	GlobalSection(ProjectConfigurationPlatforms) = postSolution
		{081B64B9-3960-4440-A446-6029BBE122C8}.Debug|Any CPU.ActiveCfg = Debug|Any CPU
		{081B64B9-3960-4440-A446-6029BBE122C8}.Debug|Any CPU.Build.0 = Debug|Any CPU
		{081B64B9-3960-4440-A446-6029BBE122C8}.Release|Any CPU.ActiveCfg = Release|Any CPU
		{081B64B9-3960-4440-A446-6029BBE122C8}.Release|Any CPU.Build.0 = Release|Any CPU
		{2EF17FE0-1160-4D0C-99CD-F0BC04D42A4D}.Debug|Any CPU.ActiveCfg = Debug|Any CPU
		{2EF17FE0-1160-4D0C-99CD-F0BC04D42A4D}.Debug|Any CPU.Build.0 = Debug|Any CPU
		{2EF17FE0-1160-4D0C-99CD-F0BC04D42A4D}.Release|Any CPU.ActiveCfg = Release|Any CPU
		{2EF17FE0-1160-4D0C-99CD-F0BC04D42A4D}.Release|Any CPU.Build.0 = Release|Any CPU
	EndGlobalSection
	GlobalSection(SolutionProperties) = preSolution
		HideSolutionNode = FALSE
	EndGlobalSection
	GlobalSection(ExtensibilityGlobals) = postSolution
		SolutionGuid = {1E72A121-A53A-4936-B676-B37F1FC3F579}
	EndGlobalSection
EndGlobal
